PODS:
  - IVBezierPathRenderer (0.1.0)

DEPENDENCIES:
  - IVBezierPathRenderer (from `../`)

EXTERNAL SOURCES:
  IVBezierPathRenderer:
    :path: ../

SPEC CHECKSUMS:
  IVBezierPathRenderer: 3a0259f878bb8044da773bea5fa79d8355073ab4

PODFILE CHECKSUM: c7b4497b20743ab87da8d788d5ad9e8a7949a10d

COCOAPODS: 1.0.0
